<?xml version="1.0" encoding="utf-8"?>
<Project ToolsVersion="4.0" xmlns="http://schemas.microsoft.com/developer/msbuild/2003">
  <ItemGroup>
    <Filter Include="Source Files">
      <UniqueIdentifier>{4FC737F1-C7A5-4376-A066-2A32D752A2FF}</UniqueIdentifier>
      <Extensions>cpp;c;cc;cxx;def;odl;idl;hpj;bat;asm;asmx</Extensions>
    </Filter>
    <Filter Include="Header Files">
      <UniqueIdentifier>{93995380-89BD-4b04-88EB-625FBE52EBFB}</UniqueIdentifier>
      <Extensions>h;hh;hpp;hxx;hm;inl;inc;xsd</Extensions>
    </Filter>
    <Filter Include="Resource Files">
      <UniqueIdentifier>{67DA6AB6-F800-4c08-8B7A-83BB121AAD01}</UniqueIdentifier>
      <Extensions>rc;ico;cur;bmp;dlg;rc2;rct;bin;rgs;gif;jpg;jpeg;jpe;resx;tiff;tif;png;wav</Extensions>
    </Filter>
  </ItemGroup>
  <ItemGroup>
    <ClCompile Include="src\duinotepad.cpp">
      <Filter>Source Files</Filter>
    </ClCompile>
    <ClCompile Include="NotepadWindow.cpp">
      <Filter>Source Files</Filter>
    </ClCompile>
  </ItemGroup>
  <ItemGroup>
    <None Include="DirectUI\DirectUI.def">
      <Filter>Source Files</Filter>
    </None>
    <None Include="src\duinotepad.ui" />
    <None Include="src\sample.ui" />
  </ItemGroup>
  <ItemGroup>
    <ClInclude Include="DirectUI\accessibility.h">
      <Filter>Header Files</Filter>
    </ClInclude>
    <ClInclude Include="DirectUI\AccessibleButton.h">
      <Filter>Header Files</Filter>
    </ClInclude>
    <ClInclude Include="DirectUI\AnimationStrip.h">
      <Filter>Header Files</Filter>
    </ClInclude>
    <ClInclude Include="DirectUI\AutoButton.h">
      <Filter>Header Files</Filter>
    </ClInclude>
    <ClInclude Include="DirectUI\AutoLock.h">
      <Filter>Header Files</Filter>
    </ClInclude>
    <ClInclude Include="DirectUI\AutoThread.h">
      <Filter>Header Files</Filter>
    </ClInclude>
    <ClInclude Include="DirectUI\AutoVariant.h">
      <Filter>Header Files</Filter>
    </ClInclude>
    <ClInclude Include="DirectUI\base.h">
      <Filter>Header Files</Filter>
    </ClInclude>
    <ClInclude Include="DirectUI\Bind.h">
      <Filter>Header Files</Filter>
    </ClInclude>
    <ClInclude Include="DirectUI\BorderLayout.h">
      <Filter>Header Files</Filter>
    </ClInclude>
    <ClInclude Include="DirectUI\Browser.h">
      <Filter>Header Files</Filter>
    </ClInclude>
    <ClInclude Include="DirectUI\BrowserSelection.h">
      <Filter>Header Files</Filter>
    </ClInclude>
    <ClInclude Include="DirectUI\Button.h">
      <Filter>Header Files</Filter>
    </ClInclude>
    <ClInclude Include="DirectUI\CallstackTracker.h">
      <Filter>Header Files</Filter>
    </ClInclude>
    <ClInclude Include="DirectUI\CAVI.h">
      <Filter>Header Files</Filter>
    </ClInclude>
    <ClInclude Include="DirectUI\CBase.h">
      <Filter>Header Files</Filter>
    </ClInclude>
    <ClInclude Include="DirectUI\CBaseCheckRadioButton.h">
      <Filter>Header Files</Filter>
    </ClInclude>
    <ClInclude Include="DirectUI\CBaseScrollBar.h">
      <Filter>Header Files</Filter>
    </ClInclude>
    <ClInclude Include="DirectUI\CCheckBox.h">
      <Filter>Header Files</Filter>
    </ClInclude>
    <ClInclude Include="DirectUI\CClassFactory.h">
      <Filter>Header Files</Filter>
    </ClInclude>
    <ClInclude Include="DirectUI\CCommandLink.h">
      <Filter>Header Files</Filter>
    </ClInclude>
    <ClInclude Include="DirectUI\CCSysLink.h">
      <Filter>Header Files</Filter>
    </ClInclude>
    <ClInclude Include="DirectUI\CheckBoxGlyph.h">
      <Filter>Header Files</Filter>
    </ClInclude>
    <ClInclude Include="DirectUI\CHScrollBar.h">
      <Filter>Header Files</Filter>
    </ClInclude>
    <ClInclude Include="DirectUI\Clipper.h">
      <Filter>Header Files</Filter>
    </ClInclude>
    <ClInclude Include="DirectUI\CListBox.h">
      <Filter>Header Files</Filter>
    </ClInclude>
    <ClInclude Include="DirectUI\CListView.h">
      <Filter>Header Files</Filter>
    </ClInclude>
    <ClInclude Include="DirectUI\Combobox.h">
      <Filter>Header Files</Filter>
    </ClInclude>
    <ClInclude Include="DirectUI\CProgressBar.h">
      <Filter>Header Files</Filter>
    </ClInclude>
    <ClInclude Include="DirectUI\CPushButton.h">
      <Filter>Header Files</Filter>
    </ClInclude>
    <ClInclude Include="DirectUI\CRadioButton.h">
      <Filter>Header Files</Filter>
    </ClInclude>
    <ClInclude Include="DirectUI\CTrackBar.h">
      <Filter>Header Files</Filter>
    </ClInclude>
    <ClInclude Include="DirectUI\CTreeView.h">
      <Filter>Header Files</Filter>
    </ClInclude>
    <ClInclude Include="DirectUI\CVScrollBar.h">
      <Filter>Header Files</Filter>
    </ClInclude>
    <ClInclude Include="DirectUI\DialogElement.h">
      <Filter>Header Files</Filter>
    </ClInclude>
    <ClInclude Include="DirectUI\DirectUI.h">
      <Filter>Header Files</Filter>
    </ClInclude>
    <ClInclude Include="DirectUI\DuiNavigate.h">
      <Filter>Header Files</Filter>
    </ClInclude>
    <ClInclude Include="DirectUI\Edit.h">
      <Filter>Header Files</Filter>
    </ClInclude>
    <ClInclude Include="DirectUI\Element.h">
      <Filter>Header Files</Filter>
    </ClInclude>
    <ClInclude Include="DirectUI\ElementWithHWND.h">
      <Filter>Header Files</Filter>
    </ClInclude>
    <ClInclude Include="DirectUI\event.h">
      <Filter>Header Files</Filter>
    </ClInclude>
    <ClInclude Include="DirectUI\EventManager.h">
      <Filter>Header Files</Filter>
    </ClInclude>
    <ClInclude Include="DirectUI\Expandable.h">
      <Filter>Header Files</Filter>
    </ClInclude>
    <ClInclude Include="DirectUI\ExpandCollapse.h">
      <Filter>Header Files</Filter>
    </ClInclude>
    <ClInclude Include="DirectUI\Expando.h">
      <Filter>Header Files</Filter>
    </ClInclude>
    <ClInclude Include="DirectUI\ExpandoButtonGlyph.h">
      <Filter>Header Files</Filter>
    </ClInclude>
    <ClInclude Include="DirectUI\FontCache.h">
      <Filter>Header Files</Filter>
    </ClInclude>
    <ClInclude Include="DirectUI\FontCheckOut.h">
      <Filter>Header Files</Filter>
    </ClInclude>
    <ClInclude Include="DirectUI\Grid.h">
      <Filter>Header Files</Filter>
    </ClInclude>
    <ClInclude Include="DirectUI\GridItem.h">
      <Filter>Header Files</Filter>
    </ClInclude>
    <ClInclude Include="DirectUI\host.h">
      <Filter>Header Files</Filter>
    </ClInclude>
    <ClInclude Include="DirectUI\HWNDElement.h">
      <Filter>Header Files</Filter>
    </ClInclude>
    <ClInclude Include="DirectUI\HWNDHost.h">
      <Filter>Header Files</Filter>
    </ClInclude>
    <ClInclude Include="DirectUI\Interfaces.h">
      <Filter>Header Files</Filter>
    </ClInclude>
    <ClInclude Include="DirectUI\InvokeHelper.h">
      <Filter>Header Files</Filter>
    </ClInclude>
    <ClInclude Include="DirectUI\layout.h">
      <Filter>Header Files</Filter>
    </ClInclude>
    <ClInclude Include="DirectUI\LinkedList.h">
      <Filter>Header Files</Filter>
    </ClInclude>
    <ClInclude Include="DirectUI\Macro.h">
      <Filter>Header Files</Filter>
    </ClInclude>
    <ClInclude Include="DirectUI\misc.h">
      <Filter>Header Files</Filter>
    </ClInclude>
    <ClInclude Include="DirectUI\Movie.h">
      <Filter>Header Files</Filter>
    </ClInclude>
    <ClInclude Include="DirectUI\NativeHWNDHost.h">
      <Filter>Header Files</Filter>
    </ClInclude>
    <ClInclude Include="DirectUI\Navigator.h">
      <Filter>Header Files</Filter>
    </ClInclude>
    <ClInclude Include="DirectUI\NavScoring.h">
      <Filter>Header Files</Filter>
    </ClInclude>
    <ClInclude Include="DirectUI\Page.h">
      <Filter>Header Files</Filter>
    </ClInclude>
    <ClInclude Include="DirectUI\parser.h">
      <Filter>Header Files</Filter>
    </ClInclude>
    <ClInclude Include="DirectUI\Primitives.h">
      <Filter>Header Files</Filter>
    </ClInclude>
    <ClInclude Include="DirectUI\Progress.h">
      <Filter>Header Files</Filter>
    </ClInclude>
    <ClInclude Include="DirectUI\provider.h">
      <Filter>Header Files</Filter>
    </ClInclude>
    <ClInclude Include="DirectUI\PText.h">
      <Filter>Header Files</Filter>
    </ClInclude>
    <ClInclude Include="DirectUI\PushButton.h">
      <Filter>Header Files</Filter>
    </ClInclude>
    <ClInclude Include="DirectUI\RadioButtonGlyph.h">
      <Filter>Header Files</Filter>
    </ClInclude>
    <ClInclude Include="DirectUI\RangeValue.h">
      <Filter>Header Files</Filter>
    </ClInclude>
    <ClInclude Include="DirectUI\RefPointElement.h">
      <Filter>Header Files</Filter>
    </ClInclude>
    <ClInclude Include="DirectUI\RepeatButton.h">
      <Filter>Header Files</Filter>
    </ClInclude>
    <ClInclude Include="DirectUI\Repeater.h">
      <Filter>Header Files</Filter>
    </ClInclude>
    <ClInclude Include="DirectUI\RichText.h">
      <Filter>Header Files</Filter>
    </ClInclude>
    <ClInclude Include="DirectUI\Scroll.h">
      <Filter>Header Files</Filter>
    </ClInclude>
    <ClInclude Include="DirectUI\ScrollBar.h">
      <Filter>Header Files</Filter>
    </ClInclude>
    <ClInclude Include="DirectUI\ScrollItem.h">
      <Filter>Header Files</Filter>
    </ClInclude>
    <ClInclude Include="DirectUI\ScrollViewer.h">
      <Filter>Header Files</Filter>
    </ClInclude>
    <ClInclude Include="DirectUI\Selection.h">
      <Filter>Header Files</Filter>
    </ClInclude>
    <ClInclude Include="DirectUI\SelectionItem.h">
      <Filter>Header Files</Filter>
    </ClInclude>
    <ClInclude Include="DirectUI\Selector.h">
      <Filter>Header Files</Filter>
    </ClInclude>
    <ClInclude Include="DirectUI\SelectorNoDefault.h">
      <Filter>Header Files</Filter>
    </ClInclude>
    <ClInclude Include="DirectUI\SelectorSelection.h">
      <Filter>Header Files</Filter>
    </ClInclude>
    <ClInclude Include="DirectUI\SelectorSelectionItem.h">
      <Filter>Header Files</Filter>
    </ClInclude>
    <ClInclude Include="DirectUI\StyledScrollViewer.h">
      <Filter>Header Files</Filter>
    </ClInclude>
    <ClInclude Include="DirectUI\Table.h">
      <Filter>Header Files</Filter>
    </ClInclude>
    <ClInclude Include="DirectUI\TableItem.h">
      <Filter>Header Files</Filter>
    </ClInclude>
    <ClInclude Include="DirectUI\TaskPage.h">
      <Filter>Header Files</Filter>
    </ClInclude>
    <ClInclude Include="DirectUI\TextGraphic.h">
      <Filter>Header Files</Filter>
    </ClInclude>
    <ClInclude Include="DirectUI\Thumb.h">
      <Filter>Header Files</Filter>
    </ClInclude>
    <ClInclude Include="DirectUI\Toggle.h">
      <Filter>Header Files</Filter>
    </ClInclude>
    <ClInclude Include="DirectUI\TouchButton.h">
      <Filter>Header Files</Filter>
    </ClInclude>
    <ClInclude Include="DirectUI\TouchCheckBox.h">
      <Filter>Header Files</Filter>
    </ClInclude>
    <ClInclude Include="DirectUI\types.h">
      <Filter>Header Files</Filter>
    </ClInclude>
    <ClInclude Include="DirectUI\UnknownElement.h">
      <Filter>Header Files</Filter>
    </ClInclude>
    <ClInclude Include="DirectUI\Value.h">
      <Filter>Header Files</Filter>
    </ClInclude>
    <ClInclude Include="DirectUI\Viewer.h">
      <Filter>Header Files</Filter>
    </ClInclude>
    <ClInclude Include="DirectUI\XBaby.h">
      <Filter>Header Files</Filter>
    </ClInclude>
    <ClInclude Include="DirectUI\XElement.h">
      <Filter>Header Files</Filter>
    </ClInclude>
    <ClInclude Include="DirectUI\XProvider.h">
      <Filter>Header Files</Filter>
    </ClInclude>
    <ClInclude Include="src\resource.h">
      <Filter>Header Files</Filter>
    </ClInclude>
    <ClInclude Include="src\stdafx.h">
      <Filter>Header Files</Filter>
    </ClInclude>
    <ClInclude Include="NotepadWindow.h">
      <Filter>Header Files</Filter>
    </ClInclude>
  </ItemGroup>
  <ItemGroup>
    <ResourceCompile Include="src\duinotepad.rc">
      <Filter>Resource Files</Filter>
    </ResourceCompile>
  </ItemGroup>
</Project>